
Microsoft Visual Studio Solution File, Format Version 12.00
# Visual Studio Version 16
VisualStudioVersion = 16.0.29814.53
MinimumVisualStudioVersion = 10.0.40219.1
Project("{9A19103F-16F7-4668-BE54-9A1E7A4F7556}") = "UserInfo", "UserInfo.csproj", "{5C24DCEA-191E-4ED2-9077-0BF217385B57}"
EndProject
Global
	GlobalSection(SolutionConfigurationPlatforms) = preSolution
		Debug|Any CPU = Debug|Any CPU
		Release|Any CPU = Release|Any CPU
	EndGlobalSection
	GlobalSection(ProjectConfigurationPlatforms) = postSolution
		{5C24DCEA-191E-4ED2-9077-0BF217385B57}.Debug|Any CPU.ActiveCfg = Debug|Any CPU
		{5C24DCEA-191E-4ED2-9077-0BF217385B57}.Debug|Any CPU.Build.0 = Debug|Any CPU
		{5C24DCEA-191E-4ED2-9077-0BF217385B57}.Release|Any CPU.ActiveCfg = Release|Any CPU
		{5C24DCEA-191E-4ED2-9077-0BF217385B57}.Release|Any CPU.Build.0 = Release|Any CPU
	EndGlobalSection
	GlobalSection(SolutionProperties) = preSolution
		HideSolutionNode = FALSE
	EndGlobalSection
	GlobalSection(ExtensibilityGlobals) = postSolution
		SolutionGuid = {5384BDE6-3AC3-42A2-959A-5B51FE1DFD95}
	EndGlobalSection
EndGlobal
